// !$*UTF8*$!
{
	archiveVersion = 1;
	classes = {
	};
	objectVersion = 46;
	objects = {

/* Begin PBXBuildFile section */
		CEB375F01C532A8A00E4FFB4 /* AppDelegate.swift in Sources */ = {isa = PBXBuildFile; fileRef = CEB375EF1C532A8A00E4FFB4 /* AppDelegate.swift */; };
		CEB375F21C532A8A00E4FFB4 /* ViewController.swift in Sources */ = {isa = PBXBuildFile; fileRef = CEB375F11C532A8A00E4FFB4 /* ViewController.swift */; };
		CEB375F51C532A8A00E4FFB4 /* Main.storyboard in Resources */ = {isa = PBXBuildFile; fileRef = CEB375F31C532A8A00E4FFB4 /* Main.storyboard */; };
		CEB375F71C532A8A00E4FFB4 /* Assets.xcassets in Resources */ = {isa = PBXBuildFile; fileRef = CEB375F61C532A8A00E4FFB4 /* Assets.xcassets */; };
		CEB375FA1C532A8A00E4FFB4 /* LaunchScreen.storyboard in Resources */ = {isa = PBXBuildFile; fileRef = CEB375F81C532A8A00E4FFB4 /* LaunchScreen.storyboard */; };
/* End PBXBuildFile section */

/* Begin PBXFileReference section */
		CEB375EC1C532A8A00E4FFB4 /* myCounterApp.app */ = {isa = PBXFileReference; explicitFileType = wrapper.application; includeInIndex = 0; path = myCounterApp.app; sourceTree = BUILT_PRODUCTS_DIR; };
		CEB375EF1C532A8A00E4FFB4 /* AppDelegate.swift */ = {isa = PBXFileReference; lastKnownFileType = sourcecode.swift; path = AppDelegate.swift; sourceTree = "<group>"; };
		CEB375F11C532A8A00E4FFB4 /* ViewController.swift */ = {isa = PBXFileReference; lastKnownFileType = sourcecode.swift; path = ViewController.swift; sourceTree = "<group>"; };
		CEB375F41C532A8A00E4FFB4 /* Base */ = {isa = PBXFileReference; lastKnownFileType = file.storyboard; name = Base; path = Base.lproj/Main.storyboard; sourceTree = "<group>"; };
		CEB375F61C532A8A00E4FFB4 /* Assets.xcassets */ = {isa = PBXFileReference; lastKnownFileType = folder.assetcatalog; path = Assets.xcassets; sourceTree = "<group>"; };
		CEB375F91C532A8A00E4FFB4 /* Base */ = {isa = PBXFileReference; lastKnownFileType = file.storyboard; name = Base; path = Base.lproj/LaunchScreen.storyboard; sourceTree = "<group>"; };
		CEB375FB1C532A8A00E4FFB4 /* Info.plist */ = {isa = PBXFileReference; lastKnownFileType = text.plist.xml; path = Info.plist; sourceTree = "<group>"; };
/* End PBXFileReference section */

/* Begin PBXFrameworksBuildPhase section */
		CEB375E91C532A8900E4FFB4 /* Frameworks */ = {
			isa = PBXFrameworksBuildPhase;
			buildActionMask = 2147483647;
			files = (
			);
			runOnlyForDeploymentPostprocessing = 0;
		};
/* End PBXFrameworksBuildPhase section */

/* Begin PBXGroup section */
		CEB375E31C532A8900E4FFB4 = {
			isa = PBXGroup;
			children = (
				CEB375EE1C532A8A00E4FFB4 /* myCounterApp */,
				CEB375ED1C532A8A00E4FFB4 /* Products */,
			);
			sourceTree = "<group>";
		};
		CEB375ED1C532A8A00E4FFB4 /* Products */ = {
			isa = PBXGroup;
			children = (
				CEB375EC1C532A8A00E4FFB4 /* myCounterApp.app */,
			);
			name = Products;
			sourceTree = "<group>";
		};
		CEB375EE1C532A8A00E4FFB4 /* myCounterApp */ = {
			isa = PBXGroup;
			children = (
				CEB375EF1C532A8A00E4FFB4 /* AppDelegate.swift */,
				CEB375F11C532A8A00E4FFB4 /* ViewController.swift */,
				CEB375F31C532A8A00E4FFB4 /* Main.storyboard */,
				CEB375F61C532A8A00E4FFB4 /* Assets.xcassets */,
				CEB375F81C532A8A00E4FFB4 /* LaunchScreen.storyboard */,
				CEB375FB1C532A8A00E4FFB4 /* Info.plist */,
			);
			path = myCounterApp;
			sourceTree = "<group>";
		};
/* End PBXGroup section */

/* Begin PBXNativeTarget section */
		CEB375EB1C532A8900E4FFB4 /* myCounterApp */ = {
			isa = PBXNativeTarget;
			buildConfigurationList = CEB375FE1C532A8A00E4FFB4 /* Build configuration list for PBXNativeTarget "myCounterApp" */;
			buildPhases = (
				CEB375E81C532A8900E4FFB4 /* Sources */,
				CEB375E91C532A8900E4FFB4 /* Frameworks */,
				CEB375EA1C532A8900E4FFB4 /* Resources */,
			);
			buildRules = (
			);
			dependencies = (
			);
			name = myCounterApp;
			productName = myCounterApp;
			productReference = CEB375EC1C532A8A00E4FFB4 /* myCounterApp.app */;
			productType = "com.apple.product-type.application";
		};
/* End PBXNativeTarget section */

/* Begin PBXProject section */
		CEB375E41C532A8900E4FFB4 /* Project object */ = {
			isa = PBXProject;
			attributes = {
				LastUpgradeCheck = 0710;
				ORGANIZATIONNAME = "Tuan Tran";
				TargetAttributes = {
					CEB375EB1C532A8900E4FFB4 = {
						CreatedOnToolsVersion = 7.1;
					};
				};
			};
			buildConfigurationList = CEB375E71C532A8900E4FFB4 /* Build configuration list for PBXProject "myCounterApp" */;
			compatibilityVersion = "Xcode 3.2";
			developmentRegion = English;
			hasScannedForEncodings = 0;
			knownRegions = (
				en,
				Base,
			);
			mainGroup = CEB375E31C532A8900E4FFB4;
			productRefGroup = CEB375ED1C532A8A00E4FFB4 /* Products */;
			projectDirPath = "";
			projectRoot = "";
			targets = (
				CEB375EB1C532A8900E4FFB4 /* myCounterApp */,
			);
		};
/* End PBXProject section */

/* Begin PBXResourcesBuildPhase section */
		CEB375EA1C532A8900E4FFB4 /* Resources */ = {
			isa = PBXResourcesBuildPhase;
			buildActionMask = 2147483647;
			files = (
				CEB375FA1C532A8A00E4FFB4 /* LaunchScreen.storyboard in Resources */,
				CEB375F71C532A8A00E4FFB4 /* Assets.xcassets in Resources */,
				CEB375F51C532A8A00E4FFB4 /* Main.storyboard in Resources */,
			);
			runOnlyForDeploymentPostprocessing = 0;
		};
/* End PBXResourcesBuildPhase section */

/* Begin PBXSourcesBuildPhase section */
		CEB375E81C532A8900E4FFB4 /* Sources */ = {
			isa = PBXSourcesBuildPhase;
			buildActionMask = 2147483647;
			files = (
				CEB375F21C532A8A00E4FFB4 /* ViewController.swift in Sources */,
				CEB375F01C532A8A00E4FFB4 /* AppDelegate.swift in Sources */,
			);
			runOnlyForDeploymentPostprocessing = 0;
		};
/* End PBXSourcesBuildPhase section */

/* Begin PBXVariantGroup section */
		CEB375F31C532A8A00E4FFB4 /* Main.storyboard */ = {
			isa = PBXVariantGroup;
			children = (
				CEB375F41C532A8A00E4FFB4 /* Base */,
			);
			name = Main.storyboard;
			sourceTree = "<group>";
		};
		CEB375F81C532A8A00E4FFB4 /* LaunchScreen.storyboard */ = {
			isa = PBXVariantGroup;
			children = (
				CEB375F91C532A8A00E4FFB4 /* Base */,
			);
			name = LaunchScreen.storyboard;
			sourceTree = "<group>";
		};
/* End PBXVariantGroup section */

/* Begin XCBuildConfiguration section */
		CEB375FC1C532A8A00E4FFB4 /* Debug */ = {
			isa = XCBuildConfiguration;
			buildSettings = {
				ALWAYS_SEARCH_USER_PATHS = NO;
				CLANG_CXX_LANGUAGE_STANDARD = "gnu++0x";
				CLANG_CXX_LIBRARY = "libc++";
				CLANG_ENABLE_MODULES = YES;
				CLANG_ENABLE_OBJC_ARC = YES;
				CLANG_WARN_BOOL_CONVERSION = YES;
				CLANG_WARN_CONSTANT_CONVERSION = YES;
				CLANG_WARN_DIRECT_OBJC_ISA_USAGE = YES_ERROR;
				CLANG_WARN_EMPTY_BODY = YES;
				CLANG_WARN_ENUM_CONVERSION = YES;
				CLANG_WARN_INT_CONVERSION = YES;
				CLANG_WARN_OBJC_ROOT_CLASS = YES_ERROR;
				CLANG_WARN_UNREACHABLE_CODE = YES;
				CLANG_WARN__DUPLICATE_METHOD_MATCH = YES;
				"CODE_SIGN_IDENTITY[sdk=iphoneos*]" = "iPhone Developer";
				COPY_PHASE_STRIP = NO;
				DEBUG_INFORMATION_FORMAT = dwarf;
				ENABLE_STRICT_OBJC_MSGSEND = YES;
				ENABLE_TESTABILITY = YES;
				GCC_C_LANGUAGE_STANDARD = gnu99;
				GCC_DYNAMIC_NO_PIC = NO;
				GCC_NO_COMMON_BLOCKS = YES;
				GCC_OPTIMIZATION_LEVEL = 0;
				GCC_PREPROCESSOR_DEFINITIONS = (
					"DEBUG=1",
					"$(inherited)",
				);
				GCC_WARN_64_TO_32_BIT_CONVERSION = YES;
				GCC_WARN_ABOUT_RETURN_TYPE = YES_ERROR;
				GCC_WARN_UNDECLARED_SELECTOR = YES;
				GCC_WARN_UNINITIALIZED_AUTOS = YES_AGGRESSIVE;
				GCC_WARN_UNUSED_FUNCTION = YES;
				GCC_WARN_UNUSED_VARIABLE = YES;
				IPHONEOS_DEPLOYMENT_TARGET = 9.1;
				MTL_ENABLE_DEBUG_INFO = YES;
				ONLY_ACTIVE_ARCH = YES;
				SDKROOT = iphoneos;
				SWIFT_OPTIMIZATION_LEVEL = "-Onone";
			};
			name = Debug;
		};
		CEB375FD1C532A8A00E4FFB4 /* Release */ = {
			isa = XCBuildConfiguration;
			buildSettings = {
				ALWAYS_SEARCH_USER_PATHS = NO;
				CLANG_CXX_LANGUAGE_STANDARD = "gnu++0x";
				CLANG_CXX_LIBRARY = "libc++";
				CLANG_ENABLE_MODULES = YES;
				CLANG_ENABLE_OBJC_ARC = YES;
				CLANG_WARN_BOOL_CONVERSION = YES;
				CLANG_WARN_CONSTANT_CONVERSION = YES;
				CLANG_WARN_DIRECT_OBJC_ISA_USAGE = YES_ERROR;
				CLANG_WARN_EMPTY_BODY = YES;
				CLANG_WARN_ENUM_CONVERSION = YES;
				CLANG_WARN_INT_CONVERSION = YES;
				CLANG_WARN_OBJC_ROOT_CLASS = YES_ERROR;
				CLANG_WARN_UNREACHABLE_CODE = YES;
				CLANG_WARN__DUPLICATE_METHOD_MATCH = YES;
				"CODE_SIGN_IDENTITY[sdk=iphoneos*]" = "iPhone Developer";
				COPY_PHASE_STRIP = NO;
				DEBUG_INFORMATION_FORMAT = "dwarf-with-dsym";
				ENABLE_NS_ASSERTIONS = NO;
				ENABLE_STRICT_OBJC_MSGSEND = YES;
				GCC_C_LANGUAGE_STANDARD = gnu99;
				GCC_NO_COMMON_BLOCKS = YES;
				GCC_WARN_64_TO_32_BIT_CONVERSION = YES;
				GCC_WARN_ABOUT_RETURN_TYPE = YES_ERROR;
				GCC_WARN_UNDECLARED_SELECTOR = YES;
				GCC_WARN_UNINITIALIZED_AUTOS = YES_AGGRESSIVE;
				GCC_WARN_UNUSED_FUNCTION = YES;
				GCC_WARN_UNUSED_VARIABLE = YES;
				IPHONEOS_DEPLOYMENT_TARGET = 9.1;
				MTL_ENABLE_DEBUG_INFO = NO;
				SDKROOT = iphoneos;
				VALIDATE_PRODUCT = YES;
			};
			name = Release;
		};
		CEB375FF1C532A8A00E4FFB4 /* Debug */ = {
			isa = XCBuildConfiguration;
			buildSettings = {
				ASSETCATALOG_COMPILER_APPICON_NAME = AppIcon;
				INFOPLIST_FILE = myCounterApp/Info.plist;
				LD_RUNPATH_SEARCH_PATHS = "$(inherited) @executable_path/Frameworks";
				PRODUCT_BUNDLE_IDENTIFIER = com.tranminhtuan.myCounterApp;
				PRODUCT_NAME = "$(TARGET_NAME)";
			};
			name = Debug;
		};
		CEB376001C532A8A00E4FFB4 /* Release */ = {
			isa = XCBuildConfiguration;
			buildSettings = {
				ASSETCATALOG_COMPILER_APPICON_NAME = AppIcon;
				INFOPLIST_FILE = myCounterApp/Info.plist;
				LD_RUNPATH_SEARCH_PATHS = "$(inherited) @executable_path/Frameworks";
				PRODUCT_BUNDLE_IDENTIFIER = com.tranminhtuan.myCounterApp;
				PRODUCT_NAME = "$(TARGET_NAME)";
			};
			name = Release;
		};
/* End XCBuildConfiguration section */

/* Begin XCConfigurationList section */
		CEB375E71C532A8900E4FFB4 /* Build configuration list for PBXProject "myCounterApp" */ = {
			isa = XCConfigurationList;
			buildConfigurations = (
				CEB375FC1C532A8A00E4FFB4 /* Debug */,
				CEB375FD1C532A8A00E4FFB4 /* Release */,
			);
			defaultConfigurationIsVisible = 0;
			defaultConfigurationName = Release;
		};
		CEB375FE1C532A8A00E4FFB4 /* Build configuration list for PBXNativeTarget "myCounterApp" */ = {
			isa = XCConfigurationList;
			buildConfigurations = (
				CEB375FF1C532A8A00E4FFB4 /* Debug */,
				CEB376001C532A8A00E4FFB4 /* Release */,
			);
			defaultConfigurationIsVisible = 0;
		};
/* End XCConfigurationList section */
	};
	rootObject = CEB375E41C532A8900E4FFB4 /* Project object */;
}
